
Microsoft Visual Studio Solution File, Format Version 12.00
# Visual Studio Version 16
VisualStudioVersion = 16.0.32002.261
MinimumVisualStudioVersion = 10.0.40219.1
Project("{FAE04EC0-301F-11D3-BF4B-00C04F79EFBC}") = "QuakeTest", "QuakeTest\QuakeTest.csproj", "{28AC9785-8932-4234-9A33-FE748DF96481}"
EndProject
Global
	GlobalSection(SolutionConfigurationPlatforms) = preSolution
		Debug|Any CPU = Debug|Any CPU
		Release|Any CPU = Release|Any CPU
	EndGlobalSection
	GlobalSection(ProjectConfigurationPlatforms) = postSolution
		{28AC9785-8932-4234-9A33-FE748DF96481}.Debug|Any CPU.ActiveCfg = Debug|Any CPU
		{28AC9785-8932-4234-9A33-FE748DF96481}.Debug|Any CPU.Build.0 = Debug|Any CPU
		{28AC9785-8932-4234-9A33-FE748DF96481}.Release|Any CPU.ActiveCfg = Release|Any CPU
		{28AC9785-8932-4234-9A33-FE748DF96481}.Release|Any CPU.Build.0 = Release|Any CPU
	EndGlobalSection
	GlobalSection(SolutionProperties) = preSolution
		HideSolutionNode = FALSE
	EndGlobalSection
	GlobalSection(ExtensibilityGlobals) = postSolution
		SolutionGuid = {C09C41C4-2538-4995-916A-58E6B3BCDA30}
	EndGlobalSection
EndGlobal
